
Microsoft Visual Studio Solution File, Format Version 12.00
# Visual Studio Version 16
VisualStudioVersion = 16.0.30621.155
MinimumVisualStudioVersion = 10.0.40219.1
Project("{8BC9CEB8-8B4A-11D0-8D11-00A0C91BC942}") = "LabProject00", "LabProject00\LabProject00.vcxproj", "{B08F435C-29EE-4D70-84D8-F316E51C954E}"
EndProject
Project("{8BC9CEB8-8B4A-11D0-8D11-00A0C91BC942}") = "LabProject01", "LabProject01\LabProject01.vcxproj", "{AB35CCFA-74EE-490B-82E4-652580DB5D4B}"
EndProject
Global
	GlobalSection(SolutionConfigurationPlatforms) = preSolution
		Debug|x64 = Debug|x64
		Debug|x86 = Debug|x86
		Release|x64 = Release|x64
		Release|x86 = Release|x86
	EndGlobalSection
	GlobalSection(ProjectConfigurationPlatforms) = postSolution
		{B08F435C-29EE-4D70-84D8-F316E51C954E}.Debug|x64.ActiveCfg = Debug|x64
		{B08F435C-29EE-4D70-84D8-F316E51C954E}.Debug|x64.Build.0 = Debug|x64
		{B08F435C-29EE-4D70-84D8-F316E51C954E}.Debug|x86.ActiveCfg = Debug|Win32
		{B08F435C-29EE-4D70-84D8-F316E51C954E}.Debug|x86.Build.0 = Debug|Win32
		{B08F435C-29EE-4D70-84D8-F316E51C954E}.Release|x64.ActiveCfg = Release|x64
		{B08F435C-29EE-4D70-84D8-F316E51C954E}.Release|x64.Build.0 = Release|x64
		{B08F435C-29EE-4D70-84D8-F316E51C954E}.Release|x86.ActiveCfg = Release|Win32
		{B08F435C-29EE-4D70-84D8-F316E51C954E}.Release|x86.Build.0 = Release|Win32
		{AB35CCFA-74EE-490B-82E4-652580DB5D4B}.Debug|x64.ActiveCfg = Debug|x64
		{AB35CCFA-74EE-490B-82E4-652580DB5D4B}.Debug|x64.Build.0 = Debug|x64
		{AB35CCFA-74EE-490B-82E4-652580DB5D4B}.Debug|x86.ActiveCfg = Debug|Win32
		{AB35CCFA-74EE-490B-82E4-652580DB5D4B}.Debug|x86.Build.0 = Debug|Win32
		{AB35CCFA-74EE-490B-82E4-652580DB5D4B}.Release|x64.ActiveCfg = Release|x64
		{AB35CCFA-74EE-490B-82E4-652580DB5D4B}.Release|x64.Build.0 = Release|x64
		{AB35CCFA-74EE-490B-82E4-652580DB5D4B}.Release|x86.ActiveCfg = Release|Win32
		{AB35CCFA-74EE-490B-82E4-652580DB5D4B}.Release|x86.Build.0 = Release|Win32
	EndGlobalSection
	GlobalSection(SolutionProperties) = preSolution
		HideSolutionNode = FALSE
	EndGlobalSection
	GlobalSection(ExtensibilityGlobals) = postSolution
		SolutionGuid = {26CF1C4B-A0D1-497E-9C65-DE47B5EC46BB}
	EndGlobalSection
EndGlobal
